
Microsoft Visual Studio Solution File, Format Version 11.00
# Visual Studio 2010
Project("{FAE04EC0-301F-11D3-BF4B-00C04F79EFBC}") = "Netronics", "server\Framework\Netronics.csproj", "{394898C7-12EE-478A-AD9A-7377B5DCC081}"
EndProject
Project("{2150E333-8FDC-42A3-9474-1A3956D46DE8}") = "Example", "Example", "{2885301C-7770-4865-A67E-C3349455D0C8}"
EndProject
Project("{2150E333-8FDC-42A3-9474-1A3956D46DE8}") = "Test", "Test", "{758FDE00-EAA5-4DE0-93A9-284D558D680D}"
EndProject
Project("{FAE04EC0-301F-11D3-BF4B-00C04F79EFBC}") = "FrameworkTest", "server\Test\Framework\FrameworkTest.csproj", "{0BF9B5F7-4189-4C6B-B758-4038C10B1D82}"
EndProject
Project("{FAE04EC0-301F-11D3-BF4B-00C04F79EFBC}") = "WebServer", "example\WebServer\WebServer.csproj", "{0710BA5A-132E-4A6E-9F11-0E491C19A5D2}"
EndProject
Project("{FAE04EC0-301F-11D3-BF4B-00C04F79EFBC}") = "EchoServer", "example\EchoServer\EchoServer.csproj", "{306B6AFF-198F-486F-B513-CCEB26B65676}"
EndProject
Project("{FAE04EC0-301F-11D3-BF4B-00C04F79EFBC}") = "BroadcastServer", "example\BroadcastServer\BroadcastServer.csproj", "{7FA17C15-3D1A-41E0-B917-C349F68EBFD8}"
EndProject
Project("{FAE04EC0-301F-11D3-BF4B-00C04F79EFBC}") = "ChatServer", "example\ChatServer\ChatServer.csproj", "{D19079E5-4B3C-4303-B0B0-6DA3E2E384CD}"
EndProject
Project("{2150E333-8FDC-42A3-9474-1A3956D46DE8}") = "Solution Items", "Solution Items", "{84308DA2-BE27-44CD-BE05-F11BE05E807F}"
	ProjectSection(SolutionItems) = preProject
		README.md = README.md
	EndProjectSection
EndProject
Project("{FAE04EC0-301F-11D3-BF4B-00C04F79EFBC}") = "Service", "server\Service\Service.csproj", "{4CA1EF2C-573E-4885-B167-56AD75F6B5F1}"
EndProject
Project("{2150E333-8FDC-42A3-9474-1A3956D46DE8}") = "Template", "Template", "{8EA8692E-907B-42BB-A5E4-750D89AB0643}"
EndProject
Project("{FAE04EC0-301F-11D3-BF4B-00C04F79EFBC}") = "Http", "server\Http\Http.csproj", "{A3D165C8-4C82-411B-B52C-4A029AE05A6A}"
EndProject
Global
	GlobalSection(TestCaseManagementSettings) = postSolution
		CategoryFile = Netronics.vsmdi
	EndGlobalSection
	GlobalSection(SolutionConfigurationPlatforms) = preSolution
		Debug|Any CPU = Debug|Any CPU
		Debug|Mixed Platforms = Debug|Mixed Platforms
		Debug|Win32 = Debug|Win32
		Debug|x86 = Debug|x86
		Release|Any CPU = Release|Any CPU
		Release|Mixed Platforms = Release|Mixed Platforms
		Release|Win32 = Release|Win32
		Release|x86 = Release|x86
	EndGlobalSection
	GlobalSection(ProjectConfigurationPlatforms) = postSolution
		{394898C7-12EE-478A-AD9A-7377B5DCC081}.Debug|Any CPU.ActiveCfg = Debug|Any CPU
		{394898C7-12EE-478A-AD9A-7377B5DCC081}.Debug|Any CPU.Build.0 = Debug|Any CPU
		{394898C7-12EE-478A-AD9A-7377B5DCC081}.Debug|Mixed Platforms.ActiveCfg = Debug|Any CPU
		{394898C7-12EE-478A-AD9A-7377B5DCC081}.Debug|Mixed Platforms.Build.0 = Debug|Any CPU
		{394898C7-12EE-478A-AD9A-7377B5DCC081}.Debug|Win32.ActiveCfg = Debug|Any CPU
		{394898C7-12EE-478A-AD9A-7377B5DCC081}.Debug|x86.ActiveCfg = Debug|Any CPU
		{394898C7-12EE-478A-AD9A-7377B5DCC081}.Release|Any CPU.ActiveCfg = Release|Any CPU
		{394898C7-12EE-478A-AD9A-7377B5DCC081}.Release|Any CPU.Build.0 = Release|Any CPU
		{394898C7-12EE-478A-AD9A-7377B5DCC081}.Release|Mixed Platforms.ActiveCfg = Release|Any CPU
		{394898C7-12EE-478A-AD9A-7377B5DCC081}.Release|Mixed Platforms.Build.0 = Release|Any CPU
		{394898C7-12EE-478A-AD9A-7377B5DCC081}.Release|Win32.ActiveCfg = Release|Any CPU
		{394898C7-12EE-478A-AD9A-7377B5DCC081}.Release|x86.ActiveCfg = Release|Any CPU
		{0BF9B5F7-4189-4C6B-B758-4038C10B1D82}.Debug|Any CPU.ActiveCfg = Debug|Any CPU
		{0BF9B5F7-4189-4C6B-B758-4038C10B1D82}.Debug|Any CPU.Build.0 = Debug|Any CPU
		{0BF9B5F7-4189-4C6B-B758-4038C10B1D82}.Debug|Mixed Platforms.ActiveCfg = Debug|Any CPU
		{0BF9B5F7-4189-4C6B-B758-4038C10B1D82}.Debug|Mixed Platforms.Build.0 = Debug|Any CPU
		{0BF9B5F7-4189-4C6B-B758-4038C10B1D82}.Debug|Win32.ActiveCfg = Debug|Any CPU
		{0BF9B5F7-4189-4C6B-B758-4038C10B1D82}.Debug|x86.ActiveCfg = Debug|Any CPU
		{0BF9B5F7-4189-4C6B-B758-4038C10B1D82}.Release|Any CPU.ActiveCfg = Release|Any CPU
		{0BF9B5F7-4189-4C6B-B758-4038C10B1D82}.Release|Any CPU.Build.0 = Release|Any CPU
		{0BF9B5F7-4189-4C6B-B758-4038C10B1D82}.Release|Mixed Platforms.ActiveCfg = Release|Any CPU
		{0BF9B5F7-4189-4C6B-B758-4038C10B1D82}.Release|Mixed Platforms.Build.0 = Release|Any CPU
		{0BF9B5F7-4189-4C6B-B758-4038C10B1D82}.Release|Win32.ActiveCfg = Release|Any CPU
		{0BF9B5F7-4189-4C6B-B758-4038C10B1D82}.Release|x86.ActiveCfg = Release|Any CPU
		{0710BA5A-132E-4A6E-9F11-0E491C19A5D2}.Debug|Any CPU.ActiveCfg = Debug|x86
		{0710BA5A-132E-4A6E-9F11-0E491C19A5D2}.Debug|Mixed Platforms.ActiveCfg = Debug|x86
		{0710BA5A-132E-4A6E-9F11-0E491C19A5D2}.Debug|Mixed Platforms.Build.0 = Debug|x86
		{0710BA5A-132E-4A6E-9F11-0E491C19A5D2}.Debug|Win32.ActiveCfg = Debug|x86
		{0710BA5A-132E-4A6E-9F11-0E491C19A5D2}.Debug|x86.ActiveCfg = Debug|x86
		{0710BA5A-132E-4A6E-9F11-0E491C19A5D2}.Debug|x86.Build.0 = Debug|x86
		{0710BA5A-132E-4A6E-9F11-0E491C19A5D2}.Release|Any CPU.ActiveCfg = Release|x86
		{0710BA5A-132E-4A6E-9F11-0E491C19A5D2}.Release|Mixed Platforms.ActiveCfg = Release|x86
		{0710BA5A-132E-4A6E-9F11-0E491C19A5D2}.Release|Mixed Platforms.Build.0 = Release|x86
		{0710BA5A-132E-4A6E-9F11-0E491C19A5D2}.Release|Win32.ActiveCfg = Release|x86
		{0710BA5A-132E-4A6E-9F11-0E491C19A5D2}.Release|x86.ActiveCfg = Release|x86
		{0710BA5A-132E-4A6E-9F11-0E491C19A5D2}.Release|x86.Build.0 = Release|x86
		{306B6AFF-198F-486F-B513-CCEB26B65676}.Debug|Any CPU.ActiveCfg = Debug|x86
		{306B6AFF-198F-486F-B513-CCEB26B65676}.Debug|Mixed Platforms.ActiveCfg = Debug|x86
		{306B6AFF-198F-486F-B513-CCEB26B65676}.Debug|Mixed Platforms.Build.0 = Debug|x86
		{306B6AFF-198F-486F-B513-CCEB26B65676}.Debug|Win32.ActiveCfg = Debug|x86
		{306B6AFF-198F-486F-B513-CCEB26B65676}.Debug|x86.ActiveCfg = Debug|x86
		{306B6AFF-198F-486F-B513-CCEB26B65676}.Debug|x86.Build.0 = Debug|x86
		{306B6AFF-198F-486F-B513-CCEB26B65676}.Release|Any CPU.ActiveCfg = Release|x86
		{306B6AFF-198F-486F-B513-CCEB26B65676}.Release|Mixed Platforms.ActiveCfg = Release|x86
		{306B6AFF-198F-486F-B513-CCEB26B65676}.Release|Mixed Platforms.Build.0 = Release|x86
		{306B6AFF-198F-486F-B513-CCEB26B65676}.Release|Win32.ActiveCfg = Release|x86
		{306B6AFF-198F-486F-B513-CCEB26B65676}.Release|x86.ActiveCfg = Release|x86
		{306B6AFF-198F-486F-B513-CCEB26B65676}.Release|x86.Build.0 = Release|x86
		{7FA17C15-3D1A-41E0-B917-C349F68EBFD8}.Debug|Any CPU.ActiveCfg = Debug|x86
		{7FA17C15-3D1A-41E0-B917-C349F68EBFD8}.Debug|Mixed Platforms.ActiveCfg = Debug|x86
		{7FA17C15-3D1A-41E0-B917-C349F68EBFD8}.Debug|Mixed Platforms.Build.0 = Debug|x86
		{7FA17C15-3D1A-41E0-B917-C349F68EBFD8}.Debug|Win32.ActiveCfg = Debug|x86
		{7FA17C15-3D1A-41E0-B917-C349F68EBFD8}.Debug|x86.ActiveCfg = Debug|x86
		{7FA17C15-3D1A-41E0-B917-C349F68EBFD8}.Debug|x86.Build.0 = Debug|x86
		{7FA17C15-3D1A-41E0-B917-C349F68EBFD8}.Release|Any CPU.ActiveCfg = Release|x86
		{7FA17C15-3D1A-41E0-B917-C349F68EBFD8}.Release|Mixed Platforms.ActiveCfg = Release|x86
		{7FA17C15-3D1A-41E0-B917-C349F68EBFD8}.Release|Mixed Platforms.Build.0 = Release|x86
		{7FA17C15-3D1A-41E0-B917-C349F68EBFD8}.Release|Win32.ActiveCfg = Release|x86
		{7FA17C15-3D1A-41E0-B917-C349F68EBFD8}.Release|x86.ActiveCfg = Release|x86
		{7FA17C15-3D1A-41E0-B917-C349F68EBFD8}.Release|x86.Build.0 = Release|x86
		{D19079E5-4B3C-4303-B0B0-6DA3E2E384CD}.Debug|Any CPU.ActiveCfg = Debug|x86
		{D19079E5-4B3C-4303-B0B0-6DA3E2E384CD}.Debug|Mixed Platforms.ActiveCfg = Debug|x86
		{D19079E5-4B3C-4303-B0B0-6DA3E2E384CD}.Debug|Mixed Platforms.Build.0 = Debug|x86
		{D19079E5-4B3C-4303-B0B0-6DA3E2E384CD}.Debug|Win32.ActiveCfg = Debug|x86
		{D19079E5-4B3C-4303-B0B0-6DA3E2E384CD}.Debug|x86.ActiveCfg = Debug|x86
		{D19079E5-4B3C-4303-B0B0-6DA3E2E384CD}.Debug|x86.Build.0 = Debug|x86
		{D19079E5-4B3C-4303-B0B0-6DA3E2E384CD}.Release|Any CPU.ActiveCfg = Release|x86
		{D19079E5-4B3C-4303-B0B0-6DA3E2E384CD}.Release|Mixed Platforms.ActiveCfg = Release|x86
		{D19079E5-4B3C-4303-B0B0-6DA3E2E384CD}.Release|Mixed Platforms.Build.0 = Release|x86
		{D19079E5-4B3C-4303-B0B0-6DA3E2E384CD}.Release|Win32.ActiveCfg = Release|x86
		{D19079E5-4B3C-4303-B0B0-6DA3E2E384CD}.Release|x86.ActiveCfg = Release|x86
		{D19079E5-4B3C-4303-B0B0-6DA3E2E384CD}.Release|x86.Build.0 = Release|x86
		{4CA1EF2C-573E-4885-B167-56AD75F6B5F1}.Debug|Any CPU.ActiveCfg = Debug|x86
		{4CA1EF2C-573E-4885-B167-56AD75F6B5F1}.Debug|Mixed Platforms.ActiveCfg = Debug|x86
		{4CA1EF2C-573E-4885-B167-56AD75F6B5F1}.Debug|Mixed Platforms.Build.0 = Debug|x86
		{4CA1EF2C-573E-4885-B167-56AD75F6B5F1}.Debug|Win32.ActiveCfg = Debug|x86
		{4CA1EF2C-573E-4885-B167-56AD75F6B5F1}.Debug|x86.ActiveCfg = Debug|x86
		{4CA1EF2C-573E-4885-B167-56AD75F6B5F1}.Debug|x86.Build.0 = Debug|x86
		{4CA1EF2C-573E-4885-B167-56AD75F6B5F1}.Release|Any CPU.ActiveCfg = Release|x86
		{4CA1EF2C-573E-4885-B167-56AD75F6B5F1}.Release|Mixed Platforms.ActiveCfg = Release|x86
		{4CA1EF2C-573E-4885-B167-56AD75F6B5F1}.Release|Mixed Platforms.Build.0 = Release|x86
		{4CA1EF2C-573E-4885-B167-56AD75F6B5F1}.Release|Win32.ActiveCfg = Release|x86
		{4CA1EF2C-573E-4885-B167-56AD75F6B5F1}.Release|x86.ActiveCfg = Release|x86
		{4CA1EF2C-573E-4885-B167-56AD75F6B5F1}.Release|x86.Build.0 = Release|x86
		{A3D165C8-4C82-411B-B52C-4A029AE05A6A}.Debug|Any CPU.ActiveCfg = Debug|Any CPU
		{A3D165C8-4C82-411B-B52C-4A029AE05A6A}.Debug|Any CPU.Build.0 = Debug|Any CPU
		{A3D165C8-4C82-411B-B52C-4A029AE05A6A}.Debug|Mixed Platforms.ActiveCfg = Debug|Any CPU
		{A3D165C8-4C82-411B-B52C-4A029AE05A6A}.Debug|Mixed Platforms.Build.0 = Debug|Any CPU
		{A3D165C8-4C82-411B-B52C-4A029AE05A6A}.Debug|Win32.ActiveCfg = Debug|Any CPU
		{A3D165C8-4C82-411B-B52C-4A029AE05A6A}.Debug|x86.ActiveCfg = Debug|Any CPU
		{A3D165C8-4C82-411B-B52C-4A029AE05A6A}.Release|Any CPU.ActiveCfg = Release|Any CPU
		{A3D165C8-4C82-411B-B52C-4A029AE05A6A}.Release|Any CPU.Build.0 = Release|Any CPU
		{A3D165C8-4C82-411B-B52C-4A029AE05A6A}.Release|Mixed Platforms.ActiveCfg = Release|Any CPU
		{A3D165C8-4C82-411B-B52C-4A029AE05A6A}.Release|Mixed Platforms.Build.0 = Release|Any CPU
		{A3D165C8-4C82-411B-B52C-4A029AE05A6A}.Release|Win32.ActiveCfg = Release|Any CPU
		{A3D165C8-4C82-411B-B52C-4A029AE05A6A}.Release|x86.ActiveCfg = Release|Any CPU
	EndGlobalSection
	GlobalSection(SolutionProperties) = preSolution
		HideSolutionNode = FALSE
	EndGlobalSection
	GlobalSection(NestedProjects) = preSolution
		{0710BA5A-132E-4A6E-9F11-0E491C19A5D2} = {2885301C-7770-4865-A67E-C3349455D0C8}
		{306B6AFF-198F-486F-B513-CCEB26B65676} = {2885301C-7770-4865-A67E-C3349455D0C8}
		{7FA17C15-3D1A-41E0-B917-C349F68EBFD8} = {2885301C-7770-4865-A67E-C3349455D0C8}
		{D19079E5-4B3C-4303-B0B0-6DA3E2E384CD} = {2885301C-7770-4865-A67E-C3349455D0C8}
		{0BF9B5F7-4189-4C6B-B758-4038C10B1D82} = {758FDE00-EAA5-4DE0-93A9-284D558D680D}
		{4CA1EF2C-573E-4885-B167-56AD75F6B5F1} = {8EA8692E-907B-42BB-A5E4-750D89AB0643}
		{A3D165C8-4C82-411B-B52C-4A029AE05A6A} = {8EA8692E-907B-42BB-A5E4-750D89AB0643}
	EndGlobalSection
	GlobalSection(ExtensibilityGlobals) = postSolution
		BuildVersion_BuildVersioningStyle = None.None.None.Increment
		BuildVersion_UpdateAssemblyVersion = True
		BuildVersion_UpdateFileVersion = True
	EndGlobalSection
	GlobalSection(MonoDevelopProperties) = preSolution
		StartupItem = Framework\Netronics.csproj
	EndGlobalSection
EndGlobal
